Microsoft Visual Studio Solution File, Format Version 12.00
# Visual Studio Version 17
VisualStudioVersion = 17.5.2.0
MinimumVisualStudioVersion = 10.0.40219.1
Project("{FAE04EC0-301F-11D3-BF4B-00C04F79EFBC}") = "Team13.HitsClass.App", "Team13.HitsClass.App\Team13.HitsClass.App.csproj", "{C39482C0-FC11-755C-1455-CB445AC5AC83}"
EndProject
Project("{FAE04EC0-301F-11D3-BF4B-00C04F79EFBC}") = "Team13.HitsClass.Common", "Team13.HitsClass.Common\Team13.HitsClass.Common.csproj", "{9EA44D39-C5ED-8659-9F94-6AA49423186C}"
EndProject
Project("{FAE04EC0-301F-11D3-BF4B-00C04F79EFBC}") = "Team13.HitsClass.Domain", "Team13.HitsClass.Domain\Team13.HitsClass.Domain.csproj", "{7B5534A6-F76D-940C-519E-021712836866}"
EndProject
Project("{FAE04EC0-301F-11D3-BF4B-00C04F79EFBC}") = "Team13.HitsClass.Http", "Team13.HitsClass.Http\Team13.HitsClass.Http.csproj", "{6836EB4B-F8B2-F09A-C5B5-B481C3175DDD}"
EndProject
Project("{FAE04EC0-301F-11D3-BF4B-00C04F79EFBC}") = "Team13.HitsClass.Persistence", "Team13.HitsClass.Persistence\Team13.HitsClass.Persistence.csproj", "{05B4D04C-0D23-2921-92A8-F5E364A775DC}"
EndProject
Global
	GlobalSection(SolutionConfigurationPlatforms) = preSolution
		Debug|Any CPU = Debug|Any CPU
		Release|Any CPU = Release|Any CPU
	EndGlobalSection
	GlobalSection(ProjectConfigurationPlatforms) = postSolution
		{C39482C0-FC11-755C-1455-CB445AC5AC83}.Debug|Any CPU.ActiveCfg = Debug|Any CPU
		{C39482C0-FC11-755C-1455-CB445AC5AC83}.Debug|Any CPU.Build.0 = Debug|Any CPU
		{C39482C0-FC11-755C-1455-CB445AC5AC83}.Release|Any CPU.ActiveCfg = Release|Any CPU
		{C39482C0-FC11-755C-1455-CB445AC5AC83}.Release|Any CPU.Build.0 = Release|Any CPU
		{9EA44D39-C5ED-8659-9F94-6AA49423186C}.Debug|Any CPU.ActiveCfg = Debug|Any CPU
		{9EA44D39-C5ED-8659-9F94-6AA49423186C}.Debug|Any CPU.Build.0 = Debug|Any CPU
		{9EA44D39-C5ED-8659-9F94-6AA49423186C}.Release|Any CPU.ActiveCfg = Release|Any CPU
		{9EA44D39-C5ED-8659-9F94-6AA49423186C}.Release|Any CPU.Build.0 = Release|Any CPU
		{7B5534A6-F76D-940C-519E-021712836866}.Debug|Any CPU.ActiveCfg = Debug|Any CPU
		{7B5534A6-F76D-940C-519E-021712836866}.Debug|Any CPU.Build.0 = Debug|Any CPU
		{7B5534A6-F76D-940C-519E-021712836866}.Release|Any CPU.ActiveCfg = Release|Any CPU
		{7B5534A6-F76D-940C-519E-021712836866}.Release|Any CPU.Build.0 = Release|Any CPU
		{6836EB4B-F8B2-F09A-C5B5-B481C3175DDD}.Debug|Any CPU.ActiveCfg = Debug|Any CPU
		{6836EB4B-F8B2-F09A-C5B5-B481C3175DDD}.Debug|Any CPU.Build.0 = Debug|Any CPU
		{6836EB4B-F8B2-F09A-C5B5-B481C3175DDD}.Release|Any CPU.ActiveCfg = Release|Any CPU
		{6836EB4B-F8B2-F09A-C5B5-B481C3175DDD}.Release|Any CPU.Build.0 = Release|Any CPU
		{05B4D04C-0D23-2921-92A8-F5E364A775DC}.Debug|Any CPU.ActiveCfg = Debug|Any CPU
		{05B4D04C-0D23-2921-92A8-F5E364A775DC}.Debug|Any CPU.Build.0 = Debug|Any CPU
		{05B4D04C-0D23-2921-92A8-F5E364A775DC}.Release|Any CPU.ActiveCfg = Release|Any CPU
		{05B4D04C-0D23-2921-92A8-F5E364A775DC}.Release|Any CPU.Build.0 = Release|Any CPU
	EndGlobalSection
	GlobalSection(SolutionProperties) = preSolution
		HideSolutionNode = FALSE
	EndGlobalSection
	GlobalSection(ExtensibilityGlobals) = postSolution
		SolutionGuid = {D7FE8208-42ED-4661-B6C7-87373D30B155}
	EndGlobalSection
EndGlobal
